
Microsoft Visual Studio Solution File, Format Version 12.00
# Visual Studio 15
VisualStudioVersion = 15.0.28307.329
MinimumVisualStudioVersion = 10.0.40219.1
Project("{FAE04EC0-301F-11D3-BF4B-00C04F79EFBC}") = "TimeJobTracker", "TimeJob\TimeJobTracker.csproj", "{9883A38B-763F-4D31-A33A-D149BB423908}"
EndProject
Global
	GlobalSection(SolutionConfigurationPlatforms) = preSolution
		Debug|Any CPU = Debug|Any CPU
		Debug|x86 = Debug|x86
		Release|Any CPU = Release|Any CPU
		Release|x86 = Release|x86
	EndGlobalSection
	GlobalSection(ProjectConfigurationPlatforms) = postSolution
		{9883A38B-763F-4D31-A33A-D149BB423908}.Debug|Any CPU.ActiveCfg = Debug|Any CPU
		{9883A38B-763F-4D31-A33A-D149BB423908}.Debug|Any CPU.Build.0 = Debug|Any CPU
		{9883A38B-763F-4D31-A33A-D149BB423908}.Debug|x86.ActiveCfg = Debug|Any CPU
		{9883A38B-763F-4D31-A33A-D149BB423908}.Debug|x86.Build.0 = Debug|Any CPU
		{9883A38B-763F-4D31-A33A-D149BB423908}.Release|Any CPU.ActiveCfg = Release|Any CPU
		{9883A38B-763F-4D31-A33A-D149BB423908}.Release|Any CPU.Build.0 = Release|Any CPU
		{9883A38B-763F-4D31-A33A-D149BB423908}.Release|x86.ActiveCfg = Release|Any CPU
		{9883A38B-763F-4D31-A33A-D149BB423908}.Release|x86.Build.0 = Release|Any CPU
	EndGlobalSection
	GlobalSection(SolutionProperties) = preSolution
		HideSolutionNode = FALSE
	EndGlobalSection
	GlobalSection(ExtensibilityGlobals) = postSolution
		SolutionGuid = {36D01E22-0640-49BD-95FD-B5CD0579EDAB}
	EndGlobalSection
EndGlobal
